
Microsoft Visual Studio Solution File, Format Version 12.00
# Visual Studio Version 16
VisualStudioVersion = 16.0.29001.49
MinimumVisualStudioVersion = 10.0.40219.1
Project("{FAE04EC0-301F-11D3-BF4B-00C04F79EFBC}") = "ConsoleApp2", "ConsoleApp2.csproj", "{2E000DAB-A9C2-4E35-A454-DEDA73E0FC3B}"
EndProject
Global
	GlobalSection(SolutionConfigurationPlatforms) = preSolution
		Debug|Any CPU = Debug|Any CPU
		Release|Any CPU = Release|Any CPU
	EndGlobalSection
	GlobalSection(ProjectConfigurationPlatforms) = postSolution
		{2E000DAB-A9C2-4E35-A454-DEDA73E0FC3B}.Debug|Any CPU.ActiveCfg = Debug|Any CPU
		{2E000DAB-A9C2-4E35-A454-DEDA73E0FC3B}.Debug|Any CPU.Build.0 = Debug|Any CPU
		{2E000DAB-A9C2-4E35-A454-DEDA73E0FC3B}.Release|Any CPU.ActiveCfg = Release|Any CPU
		{2E000DAB-A9C2-4E35-A454-DEDA73E0FC3B}.Release|Any CPU.Build.0 = Release|Any CPU
	EndGlobalSection
	GlobalSection(SolutionProperties) = preSolution
		HideSolutionNode = FALSE
	EndGlobalSection
	GlobalSection(ExtensibilityGlobals) = postSolution
		SolutionGuid = {042E39E8-C736-46B8-8A22-AE514A4ED2F1}
	EndGlobalSection
EndGlobal
